{
  "version": 4,
  "terraform_version": "1.8.5",
  "serial": 749,
  "lineage": "9ad14921-3aee-7ab0-a3fd-1dfb6202ad76",
  "outputs": {},
  "resources": [
    {
      "module": "module.artifact_registry",
      "mode": "managed",
      "type": "google_artifact_registry_repository",
      "name": "my-repo",
      "provider": "provider[\"registry.terraform.io/hashicorp/google\"]",
      "instances": [
        {
          "schema_version": 0,
          "attributes": {
            "cleanup_policies": [
              {
                "action": "DELETE",
                "condition": [
                  {
                    "newer_than": "",
                    "older_than": "2592000s",
                    "package_name_prefixes": [],
                    "tag_prefixes": [],
                    "tag_state": "ANY",
                    "version_name_prefixes": []
                  }
                ],
                "id": "eliminado-condicional",
                "most_recent_versions": []
              },
              {
                "action": "KEEP",
                "condition": [],
                "id": "conservacion-condicional ",
                "most_recent_versions": [
                  {
                    "keep_count": 3,
                    "package_name_prefixes": []
                  }
                ]
              }
            ],
            "cleanup_policy_dry_run": false,
            "create_time": "2024-06-26T23:01:11.897841Z",
            "description": "Repositorio de Imagenes Docker del servicio servdocuments",
            "docker_config": [],
            "effective_labels": {},
            "format": "DOCKER",
            "id": "projects/came-devops-dev-423320/locations/us-central1/repositories/m2c-dev-repository-docker-servdocuments",
            "kms_key_name": "",
            "labels": null,
            "location": "us-central1",
            "maven_config": [],
            "mode": "STANDARD_REPOSITORY",
            "name": "m2c-dev-repository-docker-servdocuments",
            "project": "came-devops-dev-423320",
            "remote_repository_config": [],
            "repository_id": "m2c-dev-repository-docker-servdocuments",
            "terraform_labels": {},
            "timeouts": null,
            "update_time": "2024-06-26T23:01:11.897841Z",
            "virtual_repository_config": []
          },
          "sensitive_attributes": [],
          "private": "eyJlMmJmYjczMC1lY2FhLTExZTYtOGY4OC0zNDM2M2JjN2M0YzAiOnsiY3JlYXRlIjoxMjAwMDAwMDAwMDAwLCJkZWxldGUiOjEyMDAwMDAwMDAwMDAsInVwZGF0ZSI6MTIwMDAwMDAwMDAwMH19"
        }
      ]
    },
    {
      "module": "module.notification",
      "mode": "managed",
      "type": "google_monitoring_notification_channel",
      "name": "basic",
      "provider": "provider[\"registry.terraform.io/hashicorp/google\"]",
      "instances": [
        {
          "schema_version": 0,
          "attributes": {
            "description": "",
            "display_name": "email-eduardo.lozano@beyondtech.consulting",
            "enabled": true,
            "force_delete": false,
            "id": "projects/came-devops-dev-423320/notificationChannels/4000803417904245439",
            "labels": {
              "email_address": "eduardo.lozano@beyondtech.consulting"
            },
            "name": "projects/came-devops-dev-423320/notificationChannels/4000803417904245439",
            "project": "came-devops-dev-423320",
            "sensitive_labels": [],
            "timeouts": null,
            "type": "email",
            "user_labels": null,
            "verification_status": ""
          },
          "sensitive_attributes": [],
          "private": "eyJlMmJmYjczMC1lY2FhLTExZTYtOGY4OC0zNDM2M2JjN2M0YzAiOnsiY3JlYXRlIjoxMjAwMDAwMDAwMDAwLCJkZWxldGUiOjEyMDAwMDAwMDAwMDAsInVwZGF0ZSI6MTIwMDAwMDAwMDAwMH19"
        }
      ]
    },
    {
      "module": "module.pipelines",
      "mode": "managed",
      "type": "google_clouddeploy_target",
      "name": "deploy_target",
      "provider": "provider[\"registry.terraform.io/hashicorp/google\"]",
      "instances": [
        {
          "schema_version": 0,
          "attributes": {
            "annotations": null,
            "anthos_cluster": [],
            "create_time": "2024-06-26T23:01:10.891246875Z",
            "custom_target": [],
            "deploy_parameters": null,
            "description": "Deploy target for m2c-destiny",
            "effective_annotations": {},
            "effective_labels": {},
            "etag": "f7f8e63b7f6eaaa9",
            "execution_configs": [
              {
                "artifact_storage": "gs://us-central1.deploy-artifacts.came-devops-dev-423320.appspot.com",
                "execution_timeout": "3600s",
                "service_account": "101006487069-compute@developer.gserviceaccount.com",
                "usages": [
                  "RENDER",
                  "DEPLOY",
                  "VERIFY",
                  "PREDEPLOY",
                  "POSTDEPLOY"
                ],
                "verbose": false,
                "worker_pool": ""
              }
            ],
            "gke": [],
            "id": "projects/came-devops-dev-423320/locations/us-central1/targets/m2c-delivery-pipeline",
            "labels": null,
            "location": "us-central1",
            "multi_target": [],
            "name": "m2c-delivery-pipeline",
            "project": "came-devops-dev-423320",
            "require_approval": true,
            "run": [
              {
                "location": "projects/came-devops-dev-423320/locations/us-central1"
              }
            ],
            "target_id": "m2c-delivery-pipeline",
            "terraform_labels": {},
            "timeouts": null,
            "uid": "0918e131337241d289548b777cd24638",
            "update_time": "2024-06-26T23:01:10.986275543Z"
          },
          "sensitive_attributes": [],
          "private": "eyJlMmJmYjczMC1lY2FhLTExZTYtOGY4OC0zNDM2M2JjN2M0YzAiOnsiY3JlYXRlIjoxMjAwMDAwMDAwMDAwLCJkZWxldGUiOjEyMDAwMDAwMDAwMDAsInVwZGF0ZSI6MTIwMDAwMDAwMDAwMH19"
        }
      ]
    },
    {
      "module": "module.storage",
      "mode": "managed",
      "type": "google_storage_bucket",
      "name": "static-site",
      "provider": "provider[\"registry.terraform.io/hashicorp/google\"]",
      "instances": [
        {
          "schema_version": 1,
          "attributes": {
            "autoclass": [],
            "cors": [],
            "custom_placement_config": [],
            "default_event_based_hold": false,
            "effective_labels": {},
            "enable_object_retention": false,
            "encryption": [],
            "force_destroy": false,
            "id": "m2c-dev-storage",
            "labels": null,
            "lifecycle_rule": [],
            "location": "US",
            "logging": [],
            "name": "m2c-dev-storage",
            "project": "came-devops-dev-423320",
            "project_number": 101006487069,
            "public_access_prevention": "inherited",
            "requester_pays": false,
            "retention_policy": [],
            "rpo": "DEFAULT",
            "self_link": "https://www.googleapis.com/storage/v1/b/m2c-dev-storage",
            "soft_delete_policy": [
              {
                "effective_time": "2024-06-26T23:01:11.562Z",
                "retention_duration_seconds": 604800
              }
            ],
            "storage_class": "STANDARD",
            "terraform_labels": {},
            "timeouts": null,
            "uniform_bucket_level_access": false,
            "url": "gs://m2c-dev-storage",
            "versioning": [],
            "website": []
          },
          "sensitive_attributes": [],
          "private": "eyJlMmJmYjczMC1lY2FhLTExZTYtOGY4OC0zNDM2M2JjN2M0YzAiOnsiY3JlYXRlIjo2MDAwMDAwMDAwMDAsInJlYWQiOjI0MDAwMDAwMDAwMCwidXBkYXRlIjoyNDAwMDAwMDAwMDB9LCJzY2hlbWFfdmVyc2lvbiI6IjEifQ=="
        }
      ]
    }
  ],
  "check_results": null
}
